{
  "name": "HealthApplication",
  "lockfileVersion": 2,
  "requires": true,
  "packages": {
    "": {
      "dependencies": {
        "@types/geojson": "^7946.0.8",
        "@types/leaflet": "^1.7.10",
        "leaflet": "^1.8.0"
      }
    },
    "node_modules/@types/geojson": {
      "version": "7946.0.8",
      "resolved": "https://registry.npmjs.org/@types/geojson/-/geojson-7946.0.8.tgz",
      "integrity": "sha512-1rkryxURpr6aWP7R786/UQOkJ3PcpQiWkAXBmdWc7ryFWqN6a4xfK7BtjXvFBKO9LjQ+MWQSWxYeZX1OApnArA=="
    },
    "node_modules/@types/leaflet": {
      "version": "1.7.10",
      "resolved": "https://registry.npmjs.org/@types/leaflet/-/leaflet-1.7.10.tgz",
      "integrity": "sha512-RzK5BYwYboOXXxyF01tp8g1J8UbdRvoaf+F/jCnVaWC42+QITB6wKvUklcX7jCMRWkzTnGO9NLg7A6SzrlGALA==",
      "dependencies": {
        "@types/geojson": "*"
      }
    },
    "node_modules/leaflet": {
      "version": "1.8.0",
      "resolved": "https://registry.npmjs.org/leaflet/-/leaflet-1.8.0.tgz",
      "integrity": "sha512-gwhMjFCQiYs3x/Sf+d49f10ERXaEFCPr+nVTryhAW8DWbMGqJqt9G4XuIaHmFW08zYvhgdzqXGr8AlW8v8dQkA=="
    }
  },
  "dependencies": {
    "@types/geojson": {
      "version": "7946.0.8",
      "resolved": "https://registry.npmjs.org/@types/geojson/-/geojson-7946.0.8.tgz",
      "integrity": "sha512-1rkryxURpr6aWP7R786/UQOkJ3PcpQiWkAXBmdWc7ryFWqN6a4xfK7BtjXvFBKO9LjQ+MWQSWxYeZX1OApnArA=="
    },
    "@types/leaflet": {
      "version": "1.7.10",
      "resolved": "https://registry.npmjs.org/@types/leaflet/-/leaflet-1.7.10.tgz",
      "integrity": "sha512-RzK5BYwYboOXXxyF01tp8g1J8UbdRvoaf+F/jCnVaWC42+QITB6wKvUklcX7jCMRWkzTnGO9NLg7A6SzrlGALA==",
      "requires": {
        "@types/geojson": "*"
      }
    },
    "leaflet": {
      "version": "1.8.0",
      "resolved": "https://registry.npmjs.org/leaflet/-/leaflet-1.8.0.tgz",
      "integrity": "sha512-gwhMjFCQiYs3x/Sf+d49f10ERXaEFCPr+nVTryhAW8DWbMGqJqt9G4XuIaHmFW08zYvhgdzqXGr8AlW8v8dQkA=="
    }
  }
}
